<?xml version="1.0" encoding="utf-8"?>
<Project ToolsVersion="4.0" xmlns="http://schemas.microsoft.com/developer/msbuild/2003">
  <ItemGroup>
    <Filter Include="Source Files">
      <UniqueIdentifier>{4FC737F1-C7A5-4376-A066-2A32D752A2FF}</UniqueIdentifier>
      <Extensions>cpp;c;cc;cxx;def;odl;idl;hpj;bat;asm;asmx</Extensions>
    </Filter>
    <Filter Include="Header Files">
      <UniqueIdentifier>{93995380-89BD-4b04-88EB-625FBE52EBFB}</UniqueIdentifier>
      <Extensions>h;hh;hpp;hxx;hm;inl;inc;xsd</Extensions>
    </Filter>
    <Filter Include="Resource Files">
      <UniqueIdentifier>{67DA6AB6-F800-4c08-8B7A-83BB121AAD01}</UniqueIdentifier>
      <Extensions>rc;ico;cur;bmp;dlg;rc2;rct;bin;rgs;gif;jpg;jpeg;jpe;resx;tiff;tif;png;wav;mfcribbon-ms</Extensions>
    </Filter>
  </ItemGroup>
  <ItemGroup>
    <ClCompile Include="src\main.cpp">
      <Filter>Source Files</Filter>
    </ClCompile>
    <ClCompile Include="src\Cliente.cpp">
      <Filter>Source Files</Filter>
    </ClCompile>
    <ClCompile Include="src\Conexion.cpp">
      <Filter>Source Files</Filter>
    </ClCompile>
    <ClCompile Include="src\Logger.cpp">
      <Filter>Source Files</Filter>
    </ClCompile>
    <ClCompile Include="src\Servidor.cpp">
      <Filter>Source Files</Filter>
    </ClCompile>
    <ClCompile Include="src\Sesion.cpp">
      <Filter>Source Files</Filter>
    </ClCompile>
    <ClCompile Include="src\Sockets.cpp">
      <Filter>Source Files</Filter>
    </ClCompile>
    <ClCompile Include="src\Juego.cpp">
      <Filter>Source Files</Filter>
    </ClCompile>
    <ClCompile Include="src\Jugador.cpp">
      <Filter>Source Files</Filter>
    </ClCompile>
    <ClCompile Include="src\Objeto.cpp">
      <Filter>Source Files</Filter>
    </ClCompile>
    <ClCompile Include="src\Teclas.cpp">
      <Filter>Source Files</Filter>
    </ClCompile>
    <ClCompile Include="src\Vista.cpp">
      <Filter>Source Files</Filter>
    </ClCompile>
    <ClCompile Include="src\Handshake.cpp">
      <Filter>Source Files</Filter>
    </ClCompile>
    <ClCompile Include="src\Config.cpp">
      <Filter>Source Files</Filter>
    </ClCompile>
    <ClCompile Include="src\Arma.cpp">
      <Filter>Source Files</Filter>
    </ClCompile>
    <ClCompile Include="src\Enemigo.cpp">
      <Filter>Source Files</Filter>
    </ClCompile>
    <ClCompile Include="src\PickUp.cpp">
      <Filter>Source Files</Filter>
    </ClCompile>
    <ClCompile Include="src\GunH.cpp">
      <Filter>Source Files</Filter>
    </ClCompile>
    <ClCompile Include="src\GunC.cpp">
      <Filter>Source Files</Filter>
    </ClCompile>
    <ClCompile Include="src\GunS.cpp">
      <Filter>Source Files</Filter>
    </ClCompile>
    <ClCompile Include="src\GunF.cpp">
      <Filter>Source Files</Filter>
    </ClCompile>
    <ClCompile Include="src\GunR.cpp">
      <Filter>Source Files</Filter>
    </ClCompile>
    <ClCompile Include="src\Boss.cpp">
      <Filter>Source Files</Filter>
    </ClCompile>
    <ClCompile Include="src\Soldado.cpp">
      <Filter>Source Files</Filter>
    </ClCompile>
    <ClCompile Include="src\Proyectil.cpp">
      <Filter>Source Files</Filter>
    </ClCompile>
    <ClCompile Include="src\Pesonaje.cpp">
      <Filter>Source Files</Filter>
    </ClCompile>
    <ClCompile Include="src\Plataforma.cpp">
      <Filter>Source Files</Filter>
    </ClCompile>
  </ItemGroup>
  <ItemGroup>
    <ClInclude Include="src\Cliente.h">
      <Filter>Header Files</Filter>
    </ClInclude>
    <ClInclude Include="src\ColaBloqueante.h">
      <Filter>Header Files</Filter>
    </ClInclude>
    <ClInclude Include="src\Conexion.h">
      <Filter>Header Files</Filter>
    </ClInclude>
    <ClInclude Include="src\Logger.h">
      <Filter>Header Files</Filter>
    </ClInclude>
    <ClInclude Include="src\Servidor.h">
      <Filter>Header Files</Filter>
    </ClInclude>
    <ClInclude Include="src\Sesion.h">
      <Filter>Header Files</Filter>
    </ClInclude>
    <ClInclude Include="src\Sockets.h">
      <Filter>Header Files</Filter>
    </ClInclude>
    <ClInclude Include="src\Utils.h">
      <Filter>Header Files</Filter>
    </ClInclude>
    <ClInclude Include="src\Estado.h">
      <Filter>Header Files</Filter>
    </ClInclude>
    <ClInclude Include="src\Bytes.h">
      <Filter>Header Files</Filter>
    </ClInclude>
    <ClInclude Include="src\Juego.h">
      <Filter>Header Files</Filter>
    </ClInclude>
    <ClInclude Include="src\Jugador.h">
      <Filter>Header Files</Filter>
    </ClInclude>
    <ClInclude Include="src\Objeto.h">
      <Filter>Header Files</Filter>
    </ClInclude>
    <ClInclude Include="src\Teclas.h">
      <Filter>Header Files</Filter>
    </ClInclude>
    <ClInclude Include="src\Vista.h">
      <Filter>Header Files</Filter>
    </ClInclude>
    <ClInclude Include="src\Handshake.h">
      <Filter>Header Files</Filter>
    </ClInclude>
    <ClInclude Include="src\Config.h">
      <Filter>Header Files</Filter>
    </ClInclude>
    <ClInclude Include="src\NoImage.h">
      <Filter>Header Files</Filter>
    </ClInclude>
    <ClInclude Include="src\Arma.h">
      <Filter>Header Files</Filter>
    </ClInclude>
    <ClInclude Include="src\Enemigo.h">
      <Filter>Header Files</Filter>
    </ClInclude>
    <ClInclude Include="src\PickUp.h">
      <Filter>Header Files</Filter>
    </ClInclude>
    <ClInclude Include="src\Personaje.h">
      <Filter>Header Files</Filter>
    </ClInclude>
    <ClInclude Include="src\Proyectil.h">
      <Filter>Header Files</Filter>
    </ClInclude>
    <ClInclude Include="src\GunH.h">
      <Filter>Header Files</Filter>
    </ClInclude>
    <ClInclude Include="src\GunR.h">
      <Filter>Header Files</Filter>
    </ClInclude>
    <ClInclude Include="src\GunF.h">
      <Filter>Header Files</Filter>
    </ClInclude>
    <ClInclude Include="src\GunS.h">
      <Filter>Header Files</Filter>
    </ClInclude>
    <ClInclude Include="src\GunC.h">
      <Filter>Header Files</Filter>
    </ClInclude>
    <ClInclude Include="src\Soldado.h">
      <Filter>Header Files</Filter>
    </ClInclude>
    <ClInclude Include="src\Boss.h">
      <Filter>Header Files</Filter>
    </ClInclude>
    <ClInclude Include="src\Plataforma.h">
      <Filter>Header Files</Filter>
    </ClInclude>
  </ItemGroup>
</Project>